
Microsoft Visual Studio Solution File, Format Version 12.00
# Visual Studio Version 16
VisualStudioVersion = 16.0.29519.87
MinimumVisualStudioVersion = 10.0.40219.1
Project("{9A19103F-16F7-4668-BE54-9A1E7A4F7556}") = "NewsAPI", "NewsAPI\NewsAPI.csproj", "{C6222BF9-6D26-4F1A-B6D7-C472A29ACFF9}"
EndProject
Project("{9A19103F-16F7-4668-BE54-9A1E7A4F7556}") = "Entities", "Entities\Entities.csproj", "{49F5E8E0-DE0D-4376-BE37-B5DE964DEE0D}"
EndProject
Project("{9A19103F-16F7-4668-BE54-9A1E7A4F7556}") = "DAL", "DAL\DAL.csproj", "{32E52D94-51FC-4008-A4C7-294479113FD2}"
EndProject
Project("{9A19103F-16F7-4668-BE54-9A1E7A4F7556}") = "Service", "Service\Service.csproj", "{DAFE8F5D-155E-4275-A6AB-3F3B4DB476D0}"
EndProject
Project("{FAE04EC0-301F-11D3-BF4B-00C04F79EFBC}") = "test", "test\test.csproj", "{C73D024C-16CD-489D-9305-5B3C528C3B9F}"
EndProject
Global
	GlobalSection(SolutionConfigurationPlatforms) = preSolution
		Debug|Any CPU = Debug|Any CPU
		Release|Any CPU = Release|Any CPU
	EndGlobalSection
	GlobalSection(ProjectConfigurationPlatforms) = postSolution
		{C6222BF9-6D26-4F1A-B6D7-C472A29ACFF9}.Debug|Any CPU.ActiveCfg = Debug|Any CPU
		{C6222BF9-6D26-4F1A-B6D7-C472A29ACFF9}.Debug|Any CPU.Build.0 = Debug|Any CPU
		{C6222BF9-6D26-4F1A-B6D7-C472A29ACFF9}.Release|Any CPU.ActiveCfg = Release|Any CPU
		{C6222BF9-6D26-4F1A-B6D7-C472A29ACFF9}.Release|Any CPU.Build.0 = Release|Any CPU
		{49F5E8E0-DE0D-4376-BE37-B5DE964DEE0D}.Debug|Any CPU.ActiveCfg = Debug|Any CPU
		{49F5E8E0-DE0D-4376-BE37-B5DE964DEE0D}.Debug|Any CPU.Build.0 = Debug|Any CPU
		{49F5E8E0-DE0D-4376-BE37-B5DE964DEE0D}.Release|Any CPU.ActiveCfg = Release|Any CPU
		{49F5E8E0-DE0D-4376-BE37-B5DE964DEE0D}.Release|Any CPU.Build.0 = Release|Any CPU
		{32E52D94-51FC-4008-A4C7-294479113FD2}.Debug|Any CPU.ActiveCfg = Debug|Any CPU
		{32E52D94-51FC-4008-A4C7-294479113FD2}.Debug|Any CPU.Build.0 = Debug|Any CPU
		{32E52D94-51FC-4008-A4C7-294479113FD2}.Release|Any CPU.ActiveCfg = Release|Any CPU
		{32E52D94-51FC-4008-A4C7-294479113FD2}.Release|Any CPU.Build.0 = Release|Any CPU
		{DAFE8F5D-155E-4275-A6AB-3F3B4DB476D0}.Debug|Any CPU.ActiveCfg = Debug|Any CPU
		{DAFE8F5D-155E-4275-A6AB-3F3B4DB476D0}.Debug|Any CPU.Build.0 = Debug|Any CPU
		{DAFE8F5D-155E-4275-A6AB-3F3B4DB476D0}.Release|Any CPU.ActiveCfg = Release|Any CPU
		{DAFE8F5D-155E-4275-A6AB-3F3B4DB476D0}.Release|Any CPU.Build.0 = Release|Any CPU
		{C73D024C-16CD-489D-9305-5B3C528C3B9F}.Debug|Any CPU.ActiveCfg = Debug|Any CPU
		{C73D024C-16CD-489D-9305-5B3C528C3B9F}.Debug|Any CPU.Build.0 = Debug|Any CPU
		{C73D024C-16CD-489D-9305-5B3C528C3B9F}.Release|Any CPU.ActiveCfg = Release|Any CPU
		{C73D024C-16CD-489D-9305-5B3C528C3B9F}.Release|Any CPU.Build.0 = Release|Any CPU
	EndGlobalSection
	GlobalSection(SolutionProperties) = preSolution
		HideSolutionNode = FALSE
	EndGlobalSection
	GlobalSection(ExtensibilityGlobals) = postSolution
		SolutionGuid = {4DC224F5-E766-4021-804E-830DA010E2FB}
	EndGlobalSection
EndGlobal
